
Microsoft Visual Studio Solution File, Format Version 12.00
# Visual Studio Version 16
VisualStudioVersion = 16.0.28729.10
MinimumVisualStudioVersion = 10.0.40219.1
Project("{9A19103F-16F7-4668-BE54-9A1E7A4F7556}") = "Shop", "Shop\Shop.csproj", "{F1D602AA-3AAF-40BA-A518-0B2EEBBCCFC4}"
EndProject
Project("{FAE04EC0-301F-11D3-BF4B-00C04F79EFBC}") = "Model", "Model\Model.csproj", "{0516467D-0F99-4A6E-8410-AC0BBAAAED47}"
EndProject
Global
	GlobalSection(SolutionConfigurationPlatforms) = preSolution
		Debug|Any CPU = Debug|Any CPU
		Release|Any CPU = Release|Any CPU
	EndGlobalSection
	GlobalSection(ProjectConfigurationPlatforms) = postSolution
		{F1D602AA-3AAF-40BA-A518-0B2EEBBCCFC4}.Debug|Any CPU.ActiveCfg = Debug|Any CPU
		{F1D602AA-3AAF-40BA-A518-0B2EEBBCCFC4}.Debug|Any CPU.Build.0 = Debug|Any CPU
		{F1D602AA-3AAF-40BA-A518-0B2EEBBCCFC4}.Release|Any CPU.ActiveCfg = Release|Any CPU
		{F1D602AA-3AAF-40BA-A518-0B2EEBBCCFC4}.Release|Any CPU.Build.0 = Release|Any CPU
		{0516467D-0F99-4A6E-8410-AC0BBAAAED47}.Debug|Any CPU.ActiveCfg = Debug|Any CPU
		{0516467D-0F99-4A6E-8410-AC0BBAAAED47}.Debug|Any CPU.Build.0 = Debug|Any CPU
		{0516467D-0F99-4A6E-8410-AC0BBAAAED47}.Release|Any CPU.ActiveCfg = Release|Any CPU
		{0516467D-0F99-4A6E-8410-AC0BBAAAED47}.Release|Any CPU.Build.0 = Release|Any CPU
	EndGlobalSection
	GlobalSection(SolutionProperties) = preSolution
		HideSolutionNode = FALSE
	EndGlobalSection
	GlobalSection(ExtensibilityGlobals) = postSolution
		SolutionGuid = {BC469327-84E9-4E15-8859-BF1F2EAB2D3E}
	EndGlobalSection
EndGlobal
